{
  "name": "server",
  "version": "1.0.0",
  "lockfileVersion": 1,
  "requires": true,
  "dependencies": {
    "@mysql/xdevapi": {
      "version": "8.0.22",
      "resolved": "https://registry.npmjs.org/@mysql/xdevapi/-/xdevapi-8.0.22.tgz",
      "integrity": "sha512-IoUJGD4H7imGysusDToIZy1Svxo/clT2SD+ffOE6cKVdtCP89iXOR4s2aw+FDgPZ//2ePzDJu+71I0Ka3H4y/g==",
      "requires": {
        "google-protobuf": "3.11.4",
        "parsimmon": "1.6.2"
      }
    },
    "google-protobuf": {
      "version": "3.11.4",
      "resolved": "https://registry.npmjs.org/google-protobuf/-/google-protobuf-3.11.4.tgz",
      "integrity": "sha512-lL6b04rDirurUBOgsY2+LalI6Evq8eH5TcNzi7TYQ3BsIWelT0KSOQSBsXuavEkNf+odQU6c0lgz3UsZXeNX9Q=="
    },
    "parsimmon": {
      "version": "1.6.2",
      "resolved": "https://registry.npmjs.org/parsimmon/-/parsimmon-1.6.2.tgz",
      "integrity": "sha512-bJNB0ZQhHyM5KqO2Z5ttQAVn/PZ2pccxaOnMcZ0Su7HA1Iv4GQTfUmzSZ6N3jcsCn9F68PZcypAvF3nDRRL+3g=="
    }
  }
}
